<?xml version="1.0" encoding="utf-8"?>
<Project ToolsVersion="4.0" xmlns="http://schemas.microsoft.com/developer/msbuild/2003">
  <ItemGroup>
    <Filter Include="ヘッダー ファイル">
      <UniqueIdentifier>{93995380-89BD-4b04-88EB-625FBE52EBFB}</UniqueIdentifier>
      <Extensions>h;hh;hpp;hxx;h++;hm;inl;inc;ipp;xsd</Extensions>
    </Filter>
    <Filter Include="リソース ファイル">
      <UniqueIdentifier>{67DA6AB6-F800-4c08-8B7A-83BB121AAD01}</UniqueIdentifier>
      <Extensions>rc;ico;cur;bmp;dlg;rc2;rct;bin;rgs;gif;jpg;jpeg;jpe;resx;tiff;tif;png;wav;mfcribbon-ms</Extensions>
    </Filter>
    <Filter Include="Domain">
      <UniqueIdentifier>{72615922-7eb9-46b2-b610-ee7e706b80a5}</UniqueIdentifier>
    </Filter>
    <Filter Include="Infrastructure">
      <UniqueIdentifier>{740f77b2-ad89-4b7b-b01d-13af135d6ce9}</UniqueIdentifier>
    </Filter>
    <Filter Include="UI">
      <UniqueIdentifier>{5289a74c-58d0-4eec-ab50-92b8a6465818}</UniqueIdentifier>
    </Filter>
    <Filter Include="UI\ViewModel">
      <UniqueIdentifier>{1b38998d-51d7-4324-a29c-bfee049fdeca}</UniqueIdentifier>
    </Filter>
    <Filter Include="UI\Views">
      <UniqueIdentifier>{687fd794-f313-4051-be2d-3f12e24df71b}</UniqueIdentifier>
    </Filter>
    <Filter Include="Domain\Entities">
      <UniqueIdentifier>{70d54afa-bb0c-4782-b0de-3efdd5a9d7c0}</UniqueIdentifier>
    </Filter>
    <Filter Include="Domain\Helpers">
      <UniqueIdentifier>{59159554-7bd5-4159-b6e6-72f89bc9d9be}</UniqueIdentifier>
    </Filter>
    <Filter Include="Domain\Repositories">
      <UniqueIdentifier>{557ca1ad-8c42-47d6-bcec-cff36a207858}</UniqueIdentifier>
    </Filter>
    <Filter Include="Domain\ValueObjects">
      <UniqueIdentifier>{85b57cbe-80c7-4bcb-b652-455419c59393}</UniqueIdentifier>
    </Filter>
    <Filter Include="Domain\Tasks">
      <UniqueIdentifier>{279ca668-91d6-4698-be44-246b07ddcd91}</UniqueIdentifier>
    </Filter>
    <Filter Include="Kernel">
      <UniqueIdentifier>{4FC737F1-C7A5-4376-A066-2A32D752A2FF}</UniqueIdentifier>
      <Extensions>cpp;c;cc;cxx;c++;cppm;ixx;def;odl;idl;hpj;bat;asm;asmx</Extensions>
    </Filter>
  </ItemGroup>
  <ItemGroup>
    <ClInclude Include="framework.h">
      <Filter>ヘッダー ファイル</Filter>
    </ClInclude>
    <ClInclude Include="targetver.h">
      <Filter>ヘッダー ファイル</Filter>
    </ClInclude>
    <ClInclude Include="Resource.h">
      <Filter>ヘッダー ファイル</Filter>
    </ClInclude>
    <ClInclude Include="CGamePad.h">
      <Filter>Infrastructure</Filter>
    </ClInclude>
    <ClInclude Include="COteAgent.h">
      <Filter>Domain\Tasks</Filter>
    </ClInclude>
    <ClInclude Include="COteCS.h">
      <Filter>Domain\Tasks</Filter>
    </ClInclude>
    <ClInclude Include="COteEnv.h">
      <Filter>Domain\Tasks</Filter>
    </ClInclude>
    <ClInclude Include="COtePol.h">
      <Filter>Domain\Tasks</Filter>
    </ClInclude>
    <ClInclude Include="COteScad.h">
      <Filter>Domain\Tasks</Filter>
    </ClInclude>
    <ClInclude Include="OTE.h">
      <Filter>Kernel</Filter>
    </ClInclude>
    <ClInclude Include="COpePanel.H">
      <Filter>UI\ViewModel</Filter>
    </ClInclude>
    <ClInclude Include="CPanelIo.h">
      <Filter>UI\ViewModel</Filter>
    </ClInclude>
    <ClInclude Include="CPanelObj.h">
      <Filter>UI\ViewModel</Filter>
    </ClInclude>
    <ClInclude Include="CPanelWindow.h">
      <Filter>UI\Views</Filter>
    </ClInclude>
    <ClInclude Include="CGraphicWindow.h">
      <Filter>UI\Views</Filter>
    </ClInclude>
  </ItemGroup>
  <ItemGroup>
    <ClCompile Include="..\MKCC\CFaults.cpp">
      <Filter>Domain\Entities</Filter>
    </ClCompile>
    <ClCompile Include="..\MKCC\CCrane.cpp">
      <Filter>Domain\Entities</Filter>
    </ClCompile>
    <ClCompile Include="..\MKCC\CSpec.cpp">
      <Filter>Domain\Entities</Filter>
    </ClCompile>
    <ClCompile Include="CGamePad.cpp">
      <Filter>Infrastructure</Filter>
    </ClCompile>
    <ClCompile Include="..\MKCC\CBasicControl.cpp">
      <Filter>Kernel</Filter>
    </ClCompile>
    <ClCompile Include="COteAgent.cpp">
      <Filter>Domain\Tasks</Filter>
    </ClCompile>
    <ClCompile Include="COteCS.cpp">
      <Filter>Domain\Tasks</Filter>
    </ClCompile>
    <ClCompile Include="COteEnv.cpp">
      <Filter>Domain\Tasks</Filter>
    </ClCompile>
    <ClCompile Include="COtePol.cpp">
      <Filter>Domain\Tasks</Filter>
    </ClCompile>
    <ClCompile Include="COteScad.cpp">
      <Filter>Domain\Tasks</Filter>
    </ClCompile>
    <ClCompile Include="OTE.cpp">
      <Filter>Kernel</Filter>
    </ClCompile>
    <ClCompile Include="OpePanel.cpp">
      <Filter>UI\ViewModel</Filter>
    </ClCompile>
    <ClCompile Include="CPanelObj.cpp">
      <Filter>UI\ViewModel</Filter>
    </ClCompile>
    <ClCompile Include="CPanelWindow.cpp">
      <Filter>UI\Views</Filter>
    </ClCompile>
    <ClCompile Include="..\MKCC\CHelper.cpp">
      <Filter>Domain\Helpers</Filter>
    </ClCompile>
    <ClCompile Include="..\MKCC\CPlc.cpp">
      <Filter>Domain\Entities</Filter>
    </ClCompile>
    <ClCompile Include="CGraphicWindow.cpp">
      <Filter>UI\Views</Filter>
    </ClCompile>
    <ClCompile Include="CPanelIo.cpp">
      <Filter>UI\ViewModel</Filter>
    </ClCompile>
    <ClCompile Include="..\MKCC\CSharedMem.cpp">
      <Filter>Infrastructure</Filter>
    </ClCompile>
    <ClCompile Include="..\MKCC\CValue.cpp">
      <Filter>Domain\ValueObjects</Filter>
    </ClCompile>
  </ItemGroup>
  <ItemGroup>
    <ResourceCompile Include="OTE.rc">
      <Filter>リソース ファイル</Filter>
    </ResourceCompile>
  </ItemGroup>
  <ItemGroup>
    <Image Include="small.ico">
      <Filter>リソース ファイル</Filter>
    </Image>
    <Image Include="OTE.ico">
      <Filter>リソース ファイル</Filter>
    </Image>
    <Image Include="..\Img\agent.bmp">
      <Filter>リソース ファイル</Filter>
    </Image>
    <Image Include="..\Img\cs.bmp">
      <Filter>リソース ファイル</Filter>
    </Image>
    <Image Include="..\Img\env.bmp">
      <Filter>リソース ファイル</Filter>
    </Image>
    <Image Include="..\Img\policy.bmp">
      <Filter>リソース ファイル</Filter>
    </Image>
    <Image Include="..\Img\scada.bmp">
      <Filter>リソース ファイル</Filter>
    </Image>
  </ItemGroup>
</Project>